
Microsoft Visual Studio Solution File, Format Version 12.00
# Visual Studio 15
Project("{FAE04EC0-301F-11D3-BF4B-00C04F79EFBC}") = "PhotonRealtime", "PhotonRealtime.csproj", "{A1AF959E-1FE2-6B11-47AE-4BBB442F75B3}"
EndProject
Project("{FAE04EC0-301F-11D3-BF4B-00C04F79EFBC}") = "PhotonUnityNetworking.Editor", "PhotonUnityNetworking.Editor.csproj", "{DD3038BB-952E-5D85-2B52-C7EAABC74E2D}"
EndProject
Project("{FAE04EC0-301F-11D3-BF4B-00C04F79EFBC}") = "Assembly-CSharp-firstpass", "Assembly-CSharp-firstpass.csproj", "{24351F16-9197-DE57-22FE-1E9FE4136E7D}"
EndProject
Project("{FAE04EC0-301F-11D3-BF4B-00C04F79EFBC}") = "PhotonUnityNetworking.Demos", "PhotonUnityNetworking.Demos.csproj", "{A0035BDB-08BA-4C59-F74A-5AC02801007A}"
EndProject
Project("{FAE04EC0-301F-11D3-BF4B-00C04F79EFBC}") = "PhotonUnityNetworking.Utilities", "PhotonUnityNetworking.Utilities.csproj", "{2FEF5D10-7FB1-C91E-CE6C-F3F381A74BB7}"
EndProject
Project("{FAE04EC0-301F-11D3-BF4B-00C04F79EFBC}") = "Assembly-CSharp", "Assembly-CSharp.csproj", "{177C378E-005F-D869-DA48-519997DD13AF}"
EndProject
Project("{FAE04EC0-301F-11D3-BF4B-00C04F79EFBC}") = "PhotonUnityNetworking", "PhotonUnityNetworking.csproj", "{2B6AB349-550B-D641-4F21-8C5DF6AFEBD3}"
EndProject
Project("{FAE04EC0-301F-11D3-BF4B-00C04F79EFBC}") = "PhotonChat", "PhotonChat.csproj", "{3074DC7A-D6D7-B111-52BD-4A13D8477B00}"
EndProject
Project("{FAE04EC0-301F-11D3-BF4B-00C04F79EFBC}") = "PunDemos.DemoSlotcarEditor", "PunDemos.DemoSlotcarEditor.csproj", "{DB27B98A-29D2-E9B8-B5BA-793A32CC9DC0}"
EndProject
Project("{FAE04EC0-301F-11D3-BF4B-00C04F79EFBC}") = "Assembly-CSharp-Editor-firstpass", "Assembly-CSharp-Editor-firstpass.csproj", "{3809C4FE-1EB7-6123-24EF-77EA7E4164CB}"
EndProject
Project("{FAE04EC0-301F-11D3-BF4B-00C04F79EFBC}") = "PunDemos.DemoHubEditor", "PunDemos.DemoHubEditor.csproj", "{2A68867F-4424-2EEB-1445-F103473F168D}"
EndProject
Project("{FAE04EC0-301F-11D3-BF4B-00C04F79EFBC}") = "PhotonUnityNetworking.Utilities.PhotonPlayer.Editor", "PhotonUnityNetworking.Utilities.PhotonPlayer.Editor.csproj", "{A55EBD61-2248-6328-DCBC-58B5ECA3633B}"
EndProject
Project("{FAE04EC0-301F-11D3-BF4B-00C04F79EFBC}") = "PhotonUnityNetworking.Utilities.Culling.Editor", "PhotonUnityNetworking.Utilities.Culling.Editor.csproj", "{8172E5F1-86B5-1E8D-96CC-557B249599BC}"
EndProject
Global
	GlobalSection(SolutionConfigurationPlatforms) = preSolution
		Debug|Any CPU = Debug|Any CPU
		Release|Any CPU = Release|Any CPU
	EndGlobalSection
	GlobalSection(ProjectConfigurationPlatforms) = postSolution
		{A1AF959E-1FE2-6B11-47AE-4BBB442F75B3}.Debug|Any CPU.ActiveCfg = Debug|Any CPU
		{A1AF959E-1FE2-6B11-47AE-4BBB442F75B3}.Debug|Any CPU.Build.0 = Debug|Any CPU
		{A1AF959E-1FE2-6B11-47AE-4BBB442F75B3}.Release|Any CPU.ActiveCfg = Release|Any CPU
		{A1AF959E-1FE2-6B11-47AE-4BBB442F75B3}.Release|Any CPU.Build.0 = Release|Any CPU
		{DD3038BB-952E-5D85-2B52-C7EAABC74E2D}.Debug|Any CPU.ActiveCfg = Debug|Any CPU
		{DD3038BB-952E-5D85-2B52-C7EAABC74E2D}.Debug|Any CPU.Build.0 = Debug|Any CPU
		{DD3038BB-952E-5D85-2B52-C7EAABC74E2D}.Release|Any CPU.ActiveCfg = Release|Any CPU
		{DD3038BB-952E-5D85-2B52-C7EAABC74E2D}.Release|Any CPU.Build.0 = Release|Any CPU
		{24351F16-9197-DE57-22FE-1E9FE4136E7D}.Debug|Any CPU.ActiveCfg = Debug|Any CPU
		{24351F16-9197-DE57-22FE-1E9FE4136E7D}.Debug|Any CPU.Build.0 = Debug|Any CPU
		{24351F16-9197-DE57-22FE-1E9FE4136E7D}.Release|Any CPU.ActiveCfg = Release|Any CPU
		{24351F16-9197-DE57-22FE-1E9FE4136E7D}.Release|Any CPU.Build.0 = Release|Any CPU
		{A0035BDB-08BA-4C59-F74A-5AC02801007A}.Debug|Any CPU.ActiveCfg = Debug|Any CPU
		{A0035BDB-08BA-4C59-F74A-5AC02801007A}.Debug|Any CPU.Build.0 = Debug|Any CPU
		{A0035BDB-08BA-4C59-F74A-5AC02801007A}.Release|Any CPU.ActiveCfg = Release|Any CPU
		{A0035BDB-08BA-4C59-F74A-5AC02801007A}.Release|Any CPU.Build.0 = Release|Any CPU
		{2FEF5D10-7FB1-C91E-CE6C-F3F381A74BB7}.Debug|Any CPU.ActiveCfg = Debug|Any CPU
		{2FEF5D10-7FB1-C91E-CE6C-F3F381A74BB7}.Debug|Any CPU.Build.0 = Debug|Any CPU
		{2FEF5D10-7FB1-C91E-CE6C-F3F381A74BB7}.Release|Any CPU.ActiveCfg = Release|Any CPU
		{2FEF5D10-7FB1-C91E-CE6C-F3F381A74BB7}.Release|Any CPU.Build.0 = Release|Any CPU
		{177C378E-005F-D869-DA48-519997DD13AF}.Debug|Any CPU.ActiveCfg = Debug|Any CPU
		{177C378E-005F-D869-DA48-519997DD13AF}.Debug|Any CPU.Build.0 = Debug|Any CPU
		{177C378E-005F-D869-DA48-519997DD13AF}.Release|Any CPU.ActiveCfg = Release|Any CPU
		{177C378E-005F-D869-DA48-519997DD13AF}.Release|Any CPU.Build.0 = Release|Any CPU
		{2B6AB349-550B-D641-4F21-8C5DF6AFEBD3}.Debug|Any CPU.ActiveCfg = Debug|Any CPU
		{2B6AB349-550B-D641-4F21-8C5DF6AFEBD3}.Debug|Any CPU.Build.0 = Debug|Any CPU
		{2B6AB349-550B-D641-4F21-8C5DF6AFEBD3}.Release|Any CPU.ActiveCfg = Release|Any CPU
		{2B6AB349-550B-D641-4F21-8C5DF6AFEBD3}.Release|Any CPU.Build.0 = Release|Any CPU
		{3074DC7A-D6D7-B111-52BD-4A13D8477B00}.Debug|Any CPU.ActiveCfg = Debug|Any CPU
		{3074DC7A-D6D7-B111-52BD-4A13D8477B00}.Debug|Any CPU.Build.0 = Debug|Any CPU
		{3074DC7A-D6D7-B111-52BD-4A13D8477B00}.Release|Any CPU.ActiveCfg = Release|Any CPU
		{3074DC7A-D6D7-B111-52BD-4A13D8477B00}.Release|Any CPU.Build.0 = Release|Any CPU
		{DB27B98A-29D2-E9B8-B5BA-793A32CC9DC0}.Debug|Any CPU.ActiveCfg = Debug|Any CPU
		{DB27B98A-29D2-E9B8-B5BA-793A32CC9DC0}.Debug|Any CPU.Build.0 = Debug|Any CPU
		{DB27B98A-29D2-E9B8-B5BA-793A32CC9DC0}.Release|Any CPU.ActiveCfg = Release|Any CPU
		{DB27B98A-29D2-E9B8-B5BA-793A32CC9DC0}.Release|Any CPU.Build.0 = Release|Any CPU
		{3809C4FE-1EB7-6123-24EF-77EA7E4164CB}.Debug|Any CPU.ActiveCfg = Debug|Any CPU
		{3809C4FE-1EB7-6123-24EF-77EA7E4164CB}.Debug|Any CPU.Build.0 = Debug|Any CPU
		{3809C4FE-1EB7-6123-24EF-77EA7E4164CB}.Release|Any CPU.ActiveCfg = Release|Any CPU
		{3809C4FE-1EB7-6123-24EF-77EA7E4164CB}.Release|Any CPU.Build.0 = Release|Any CPU
		{2A68867F-4424-2EEB-1445-F103473F168D}.Debug|Any CPU.ActiveCfg = Debug|Any CPU
		{2A68867F-4424-2EEB-1445-F103473F168D}.Debug|Any CPU.Build.0 = Debug|Any CPU
		{2A68867F-4424-2EEB-1445-F103473F168D}.Release|Any CPU.ActiveCfg = Release|Any CPU
		{2A68867F-4424-2EEB-1445-F103473F168D}.Release|Any CPU.Build.0 = Release|Any CPU
		{A55EBD61-2248-6328-DCBC-58B5ECA3633B}.Debug|Any CPU.ActiveCfg = Debug|Any CPU
		{A55EBD61-2248-6328-DCBC-58B5ECA3633B}.Debug|Any CPU.Build.0 = Debug|Any CPU
		{A55EBD61-2248-6328-DCBC-58B5ECA3633B}.Release|Any CPU.ActiveCfg = Release|Any CPU
		{A55EBD61-2248-6328-DCBC-58B5ECA3633B}.Release|Any CPU.Build.0 = Release|Any CPU
		{8172E5F1-86B5-1E8D-96CC-557B249599BC}.Debug|Any CPU.ActiveCfg = Debug|Any CPU
		{8172E5F1-86B5-1E8D-96CC-557B249599BC}.Debug|Any CPU.Build.0 = Debug|Any CPU
		{8172E5F1-86B5-1E8D-96CC-557B249599BC}.Release|Any CPU.ActiveCfg = Release|Any CPU
		{8172E5F1-86B5-1E8D-96CC-557B249599BC}.Release|Any CPU.Build.0 = Release|Any CPU
	EndGlobalSection
	GlobalSection(SolutionProperties) = preSolution
		HideSolutionNode = FALSE
	EndGlobalSection
EndGlobal
